// !$*UTF8*$!
{
	archiveVersion = 1;
	classes = {
	};
	objectVersion = 77;
	objects = {

/* Begin PBXContainerItemProxy section */
		ECAF6A463025F795000DB486 /* PBXContainerItemProxy */ = {
			isa = PBXContainerItemProxy;
			containerPortal = ECAF6A303025F794000DB486 /* Project object */;
			proxyType = 1;
			remoteGlobalIDString = ECAF6A373025F794000DB486;
			remoteInfo = Pact;
		};
		ECAF6A503025F795000DB486 /* PBXContainerItemProxy */ = {
			isa = PBXContainerItemProxy;
			containerPortal = ECAF6A303025F794000DB486 /* Project object */;
			proxyType = 1;
			remoteGlobalIDString = ECAF6A373025F794000DB486;
			remoteInfo = Pact;
		};
/* End PBXContainerItemProxy section */

/* Begin PBXFileReference section */
		ECAF6A383025F794000DB486 /* Pact.app */ = {isa = PBXFileReference; explicitFileType = wrapper.application; includeInIndex = 0; path = Pact.app; sourceTree = BUILT_PRODUCTS_DIR; };
		ECAF6A453025F795000DB486 /* PactTests.xctest */ = {isa = PBXFileReference; explicitFileType = wrapper.cfbundle; includeInIndex = 0; path = PactTests.xctest; sourceTree = BUILT_PRODUCTS_DIR; };
		ECAF6A4F3025F795000DB486 /* PactUITests.xctest */ = {isa = PBXFileReference; explicitFileType = wrapper.cfbundle; includeInIndex = 0; path = PactUITests.xctest; sourceTree = BUILT_PRODUCTS_DIR; };
		ECAF6A703025F795000DB486 /* Configuration.xcconfig */ = {isa = PBXFileReference; lastKnownFileType = text.xcconfig; path = Configuration.xcconfig; sourceTree = "<group>"; };
/* End PBXFileReference section */

/* Begin PBXFileSystemSynchronizedRootGroup section */
		ECAF6A3A3025F794000DB486 /* Pact */ = {
			isa = PBXFileSystemSynchronizedRootGroup;
			path = Pact;
			sourceTree = "<group>";
		};
		ECAF6A483025F795000DB486 /* PactTests */ = {
			isa = PBXFileSystemSynchronizedRootGroup;
			path = PactTests;
			sourceTree = "<group>";
		};
		ECAF6A523025F795000DB486 /* PactUITests */ = {
			isa = PBXFileSystemSynchronizedRootGroup;
			path = PactUITests;
			sourceTree = "<group>";
		};
/* End PBXFileSystemSynchronizedRootGroup section */

/* Begin PBXFrameworksBuildPhase section */
		ECAF6A353025F794000DB486 /* Frameworks */ = {
			isa = PBXFrameworksBuildPhase;
			buildActionMask = 2147483647;
			files = (
			);
			runOnlyForDeploymentPostprocessing = 0;
		};
		ECAF6A423025F795000DB486 /* Frameworks */ = {
			isa = PBXFrameworksBuildPhase;
			buildActionMask = 2147483647;
			files = (
			);
			runOnlyForDeploymentPostprocessing = 0;
		};
		ECAF6A4C3025F795000DB486 /* Frameworks */ = {
			isa = PBXFrameworksBuildPhase;
			buildActionMask = 2147483647;
			files = (
			);
			runOnlyForDeploymentPostprocessing = 0;
		};
/* End PBXFrameworksBuildPhase section */

/* Begin PBXGroup section */
		ECAF6A2F3025F794000DB486 = {
			isa = PBXGroup;
			children = (
				ECAF6A703025F795000DB486 /* Configuration.xcconfig */,
				ECAF6A3A3025F794000DB486 /* Pact */,
				ECAF6A483025F795000DB486 /* PactTests */,
				ECAF6A523025F795000DB486 /* PactUITests */,
				ECAF6A393025F794000DB486 /* Products */,
			);
			sourceTree = "<group>";
		};
		ECAF6A393025F794000DB486 /* Products */ = {
			isa = PBXGroup;
			children = (
				ECAF6A383025F794000DB486 /* Pact.app */,
				ECAF6A453025F795000DB486 /* PactTests.xctest */,
				ECAF6A4F3025F795000DB486 /* PactUITests.xctest */,
			);
			name = Products;
			sourceTree = "<group>";
		};
/* End PBXGroup section */

/* Begin PBXNativeTarget section */
		ECAF6A373025F794000DB486 /* Pact */ = {
			isa = PBXNativeTarget;
			buildConfigurationList = ECAF6A593025F795000DB486 /* Build configuration list for PBXNativeTarget "Pact" */;
			buildPhases = (
				ECAF6A343025F794000DB486 /* Sources */,
				ECAF6A353025F794000DB486 /* Frameworks */,
				ECAF6A363025F794000DB486 /* Resources */,
			);
			buildRules = (
			);
			dependencies = (
			);
			fileSystemSynchronizedGroups = (
				ECAF6A3A3025F794000DB486 /* Pact */,
			);
			name = Pact;
			packageProductDependencies = (
			);
			productName = Pact;
			productReference = ECAF6A383025F794000DB486 /* Pact.app */;
			productType = "com.apple.product-type.application";
		};
		ECAF6A443025F795000DB486 /* PactTests */ = {
			isa = PBXNativeTarget;
			buildConfigurationList = ECAF6A5C3025F795000DB486 /* Build configuration list for PBXNativeTarget "PactTests" */;
			buildPhases = (
				ECAF6A413025F795000DB486 /* Sources */,
				ECAF6A423025F795000DB486 /* Frameworks */,
				ECAF6A433025F795000DB486 /* Resources */,
			);
			buildRules = (
			);
			dependencies = (
				ECAF6A473025F795000DB486 /* PBXTargetDependency */,
			);
			fileSystemSynchronizedGroups = (
				ECAF6A483025F795000DB486 /* PactTests */,
			);
			name = PactTests;
			packageProductDependencies = (
			);
			productName = PactTests;
			productReference = ECAF6A453025F795000DB486 /* PactTests.xctest */;
			productType = "com.apple.product-type.bundle.unit-test";
		};
		ECAF6A4E3025F795000DB486 /* PactUITests */ = {
			isa = PBXNativeTarget;
			buildConfigurationList = ECAF6A5F3025F795000DB486 /* Build configuration list for PBXNativeTarget "PactUITests" */;
			buildPhases = (
				ECAF6A4B3025F795000DB486 /* Sources */,
				ECAF6A4C3025F795000DB486 /* Frameworks */,
				ECAF6A4D3025F795000DB486 /* Resources */,
			);
			buildRules = (
			);
			dependencies = (
				ECAF6A513025F795000DB486 /* PBXTargetDependency */,
			);
			fileSystemSynchronizedGroups = (
				ECAF6A523025F795000DB486 /* PactUITests */,
			);
			name = PactUITests;
			packageProductDependencies = (
			);
			productName = PactUITests;
			productReference = ECAF6A4F3025F795000DB486 /* PactUITests.xctest */;
			productType = "com.apple.product-type.bundle.ui-testing";
		};
/* End PBXNativeTarget section */

/* Begin PBXProject section */
		ECAF6A303025F794000DB486 /* Project object */ = {
			isa = PBXProject;
			attributes = {
				BuildIndependentTargetsInParallel = 1;
				LastSwiftUpdateCheck = 2660;
				LastUpgradeCheck = 2660;
				TargetAttributes = {
					ECAF6A373025F794000DB486 = {
						CreatedOnToolsVersion = 26.6;
					};
					ECAF6A443025F795000DB486 = {
						CreatedOnToolsVersion = 26.6;
						TestTargetID = ECAF6A373025F794000DB486;
					};
					ECAF6A4E3025F795000DB486 = {
						CreatedOnToolsVersion = 26.6;
						TestTargetID = ECAF6A373025F794000DB486;
					};
				};
			};
			buildConfigurationList = ECAF6A333025F794000DB486 /* Build configuration list for PBXProject "Pact" */;
			developmentRegion = en;
			hasScannedForEncodings = 0;
			knownRegions = (
				en,
				Base,
			);
			mainGroup = ECAF6A2F3025F794000DB486;
			minimizedProjectReferenceProxies = 1;
			preferredProjectObjectVersion = 77;
			productRefGroup = ECAF6A393025F794000DB486 /* Products */;
			projectDirPath = "";
			projectRoot = "";
			targets = (
				ECAF6A373025F794000DB486 /* Pact */,
				ECAF6A443025F795000DB486 /* PactTests */,
				ECAF6A4E3025F795000DB486 /* PactUITests */,
			);
		};
/* End PBXProject section */

/* Begin PBXResourcesBuildPhase section */
		ECAF6A363025F794000DB486 /* Resources */ = {
			isa = PBXResourcesBuildPhase;
			buildActionMask = 2147483647;
			files = (
			);
			runOnlyForDeploymentPostprocessing = 0;
		};
		ECAF6A433025F795000DB486 /* Resources */ = {
			isa = PBXResourcesBuildPhase;
			buildActionMask = 2147483647;
			files = (
			);
			runOnlyForDeploymentPostprocessing = 0;
		};
		ECAF6A4D3025F795000DB486 /* Resources */ = {
			isa = PBXResourcesBuildPhase;
			buildActionMask = 2147483647;
			files = (
			);
			runOnlyForDeploymentPostprocessing = 0;
		};
/* End PBXResourcesBuildPhase section */

/* Begin PBXSourcesBuildPhase section */
		ECAF6A343025F794000DB486 /* Sources */ = {
			isa = PBXSourcesBuildPhase;
			buildActionMask = 2147483647;
			files = (
			);
			runOnlyForDeploymentPostprocessing = 0;
		};
		ECAF6A413025F795000DB486 /* Sources */ = {
			isa = PBXSourcesBuildPhase;
			buildActionMask = 2147483647;
			files = (
			);
			runOnlyForDeploymentPostprocessing = 0;
		};
		ECAF6A4B3025F795000DB486 /* Sources */ = {
			isa = PBXSourcesBuildPhase;
			buildActionMask = 2147483647;
			files = (
			);
			runOnlyForDeploymentPostprocessing = 0;
		};
/* End PBXSourcesBuildPhase section */

/* Begin PBXTargetDependency section */
		ECAF6A473025F795000DB486 /* PBXTargetDependency */ = {
			isa = PBXTargetDependency;
			target = ECAF6A373025F794000DB486 /* Pact */;
			targetProxy = ECAF6A463025F795000DB486 /* PBXContainerItemProxy */;
		};
		ECAF6A513025F795000DB486 /* PBXTargetDependency */ = {
			isa = PBXTargetDependency;
			target = ECAF6A373025F794000DB486 /* Pact */;
			targetProxy = ECAF6A503025F795000DB486 /* PBXContainerItemProxy */;
		};
/* End PBXTargetDependency section */

/* Begin XCBuildConfiguration section */
		ECAF6A573025F795000DB486 /* Debug */ = {
			isa = XCBuildConfiguration;
			buildSettings = {
				ALWAYS_SEARCH_USER_PATHS = NO;
				ASSETCATALOG_COMPILER_GENERATE_SWIFT_ASSET_SYMBOL_EXTENSIONS = YES;
				CLANG_ANALYZER_NONNULL = YES;
				CLANG_ANALYZER_NUMBER_OBJECT_CONVERSION = YES_AGGRESSIVE;
				CLANG_CXX_LANGUAGE_STANDARD = "gnu++20";
				CLANG_ENABLE_MODULES = YES;
				CLANG_ENABLE_OBJC_ARC = YES;
				CLANG_ENABLE_OBJC_WEAK = YES;
				CLANG_WARN_BLOCK_CAPTURE_AUTORELEASING = YES;
				CLANG_WARN_BOOL_CONVERSION = YES;
				CLANG_WARN_COMMA = YES;
				CLANG_WARN_CONSTANT_CONVERSION = YES;
				CLANG_WARN_DEPRECATED_OBJC_IMPLEMENTATIONS = YES;
				CLANG_WARN_DIRECT_OBJC_ISA_USAGE = YES_ERROR;
				CLANG_WARN_DOCUMENTATION_COMMENTS = YES;
				CLANG_WARN_EMPTY_BODY = YES;
				CLANG_WARN_ENUM_CONVERSION = YES;
				CLANG_WARN_INFINITE_RECURSION = YES;
				CLANG_WARN_INT_CONVERSION = YES;
				CLANG_WARN_NON_LITERAL_NULL_CONVERSION = YES;
				CLANG_WARN_OBJC_IMPLICIT_RETAIN_SELF = YES;
				CLANG_WARN_OBJC_LITERAL_CONVERSION = YES;
				CLANG_WARN_OBJC_ROOT_CLASS = YES_ERROR;
				CLANG_WARN_QUOTED_INCLUDE_IN_FRAMEWORK_HEADER = YES;
				CLANG_WARN_RANGE_LOOP_ANALYSIS = YES;
				CLANG_WARN_STRICT_PROTOTYPES = YES;
				CLANG_WARN_SUSPICIOUS_MOVE = YES;
				CLANG_WARN_UNGUARDED_AVAILABILITY = YES_AGGRESSIVE;
				CLANG_WARN_UNREACHABLE_CODE = YES;
				CLANG_WARN__DUPLICATE_METHOD_MATCH = YES;
				COPY_PHASE_STRIP = NO;
				DEBUG_INFORMATION_FORMAT = dwarf;
				DEVELOPMENT_TEAM = PVP9QSJ25G;
				ENABLE_STRICT_OBJC_MSGSEND = YES;
				ENABLE_TESTABILITY = YES;
				ENABLE_USER_SCRIPT_SANDBOXING = YES;
				GCC_C_LANGUAGE_STANDARD = gnu17;
				GCC_DYNAMIC_NO_PIC = NO;
				GCC_NO_COMMON_BLOCKS = YES;
				GCC_OPTIMIZATION_LEVEL = 0;
				GCC_PREPROCESSOR_DEFINITIONS = (
					"DEBUG=1",
					"$(inherited)",
				);
				GCC_WARN_64_TO_32_BIT_CONVERSION = YES;
				GCC_WARN_ABOUT_RETURN_TYPE = YES_ERROR;
				GCC_WARN_UNDECLARED_SELECTOR = YES;
				GCC_WARN_UNINITIALIZED_AUTOS = YES_AGGRESSIVE;
				GCC_WARN_UNUSED_FUNCTION = YES;
				GCC_WARN_UNUSED_VARIABLE = YES;
				IPHONEOS_DEPLOYMENT_TARGET = 18.0;
				LOCALIZATION_PREFERS_STRING_CATALOGS = YES;
				MTL_ENABLE_DEBUG_INFO = INCLUDE_SOURCE;
				MTL_FAST_MATH = YES;
				ONLY_ACTIVE_ARCH = YES;
				SDKROOT = iphoneos;
				SWIFT_ACTIVE_COMPILATION_CONDITIONS = "DEBUG $(inherited)";
				SWIFT_OPTIMIZATION_LEVEL = "-Onone";
			};
			name = Debug;
		};
		ECAF6A583025F795000DB486 /* Release */ = {
			isa = XCBuildConfiguration;
			buildSettings = {
				ALWAYS_SEARCH_USER_PATHS = NO;
				ASSETCATALOG_COMPILER_GENERATE_SWIFT_ASSET_SYMBOL_EXTENSIONS = YES;
				CLANG_ANALYZER_NONNULL = YES;
				CLANG_ANALYZER_NUMBER_OBJECT_CONVERSION = YES_AGGRESSIVE;
				CLANG_CXX_LANGUAGE_STANDARD = "gnu++20";
				CLANG_ENABLE_MODULES = YES;
				CLANG_ENABLE_OBJC_ARC = YES;
				CLANG_ENABLE_OBJC_WEAK = YES;
				CLANG_WARN_BLOCK_CAPTURE_AUTORELEASING = YES;
				CLANG_WARN_BOOL_CONVERSION = YES;
				CLANG_WARN_COMMA = YES;
				CLANG_WARN_CONSTANT_CONVERSION = YES;
				CLANG_WARN_DEPRECATED_OBJC_IMPLEMENTATIONS = YES;
				CLANG_WARN_DIRECT_OBJC_ISA_USAGE = YES_ERROR;
				CLANG_WARN_DOCUMENTATION_COMMENTS = YES;
				CLANG_WARN_EMPTY_BODY = YES;
				CLANG_WARN_ENUM_CONVERSION = YES;
				CLANG_WARN_INFINITE_RECURSION = YES;
				CLANG_WARN_INT_CONVERSION = YES;
				CLANG_WARN_NON_LITERAL_NULL_CONVERSION = YES;
				CLANG_WARN_OBJC_IMPLICIT_RETAIN_SELF = YES;
				CLANG_WARN_OBJC_LITERAL_CONVERSION = YES;
				CLANG_WARN_OBJC_ROOT_CLASS = YES_ERROR;
				CLANG_WARN_QUOTED_INCLUDE_IN_FRAMEWORK_HEADER = YES;
				CLANG_WARN_RANGE_LOOP_ANALYSIS = YES;
				CLANG_WARN_STRICT_PROTOTYPES = YES;
				CLANG_WARN_SUSPICIOUS_MOVE = YES;
				CLANG_WARN_UNGUARDED_AVAILABILITY = YES_AGGRESSIVE;
				CLANG_WARN_UNREACHABLE_CODE = YES;
				CLANG_WARN__DUPLICATE_METHOD_MATCH = YES;
				COPY_PHASE_STRIP = NO;
				DEBUG_INFORMATION_FORMAT = "dwarf-with-dsym";
				DEVELOPMENT_TEAM = PVP9QSJ25G;
				ENABLE_NS_ASSERTIONS = NO;
				ENABLE_STRICT_OBJC_MSGSEND = YES;
				ENABLE_USER_SCRIPT_SANDBOXING = YES;
				GCC_C_LANGUAGE_STANDARD = gnu17;
				GCC_NO_COMMON_BLOCKS = YES;
				GCC_WARN_64_TO_32_BIT_CONVERSION = YES;
				GCC_WARN_ABOUT_RETURN_TYPE = YES_ERROR;
				GCC_WARN_UNDECLARED_SELECTOR = YES;
				GCC_WARN_UNINITIALIZED_AUTOS = YES_AGGRESSIVE;
				GCC_WARN_UNUSED_FUNCTION = YES;
				GCC_WARN_UNUSED_VARIABLE = YES;
				IPHONEOS_DEPLOYMENT_TARGET = 18.0;
				LOCALIZATION_PREFERS_STRING_CATALOGS = YES;
				MTL_ENABLE_DEBUG_INFO = NO;
				MTL_FAST_MATH = YES;
				SDKROOT = iphoneos;
				SWIFT_COMPILATION_MODE = wholemodule;
				VALIDATE_PRODUCT = YES;
			};
			name = Release;
		};
		ECAF6A5A3025F795000DB486 /* Debug */ = {
			isa = XCBuildConfiguration;
			baseConfigurationReference = ECAF6A703025F795000DB486 /* Configuration.xcconfig */;
			buildSettings = {
				APS_ENVIRONMENT = development;
				ASSETCATALOG_COMPILER_APPICON_NAME = AppIcon;
				ASSETCATALOG_COMPILER_GLOBAL_ACCENT_COLOR_NAME = AccentColor;
				CODE_SIGN_ENTITLEMENTS = Pact/Round.entitlements;
				CODE_SIGN_STYLE = Automatic;
				CURRENT_PROJECT_VERSION = 1;
				DEVELOPMENT_TEAM = PVP9QSJ25G;
				ENABLE_PREVIEWS = YES;
				GENERATE_INFOPLIST_FILE = NO;
				INFOPLIST_FILE = "Configuration/Round-Info.plist";
				INFOPLIST_KEY_CFBundleDisplayName = Round;
				INFOPLIST_KEY_SUPABASE_ANON_KEY = "$(SUPABASE_ANON_KEY)";
				INFOPLIST_KEY_SUPABASE_URL = "$(SUPABASE_URL)";
				INFOPLIST_KEY_UIApplicationSceneManifest_Generation = YES;
				INFOPLIST_KEY_UIApplicationSupportsIndirectInputEvents = YES;
				INFOPLIST_KEY_UILaunchScreen_Generation = YES;
				INFOPLIST_KEY_UISupportedInterfaceOrientations_iPad = "UIInterfaceOrientationPortrait UIInterfaceOrientationPortraitUpsideDown UIInterfaceOrientationLandscapeLeft UIInterfaceOrientationLandscapeRight";
				INFOPLIST_KEY_UISupportedInterfaceOrientations_iPhone = UIInterfaceOrientationPortrait;
				LD_RUNPATH_SEARCH_PATHS = (
					"$(inherited)",
					"@executable_path/Frameworks",
				);
				MARKETING_VERSION = 1.0;
				PRODUCT_BUNDLE_IDENTIFIER = "$(ROUND_BUNDLE_IDENTIFIER)";
				PRODUCT_NAME = "$(TARGET_NAME)";
				ROUND_BUNDLE_IDENTIFIER = com.callumoconnor.round;
				ROUND_INVITE_HOST = round.invalid;
				ROUND_PRIVACY_URL = "https://round.invalid/privacy";
				ROUND_SUPPORT_EMAIL = "support@round.invalid";
				ROUND_TERMS_URL = "https://round.invalid/terms";
				STRING_CATALOG_GENERATE_SYMBOLS = YES;
				SWIFT_APPROACHABLE_CONCURRENCY = YES;
				SWIFT_DEFAULT_ACTOR_ISOLATION = MainActor;
				SWIFT_EMIT_LOC_STRINGS = YES;
				SWIFT_UPCOMING_FEATURE_MEMBER_IMPORT_VISIBILITY = YES;
				SWIFT_VERSION = 5.0;
				TARGETED_DEVICE_FAMILY = 1;
			};
			name = Debug;
		};
		ECAF6A5B3025F795000DB486 /* Release */ = {
			isa = XCBuildConfiguration;
			baseConfigurationReference = ECAF6A703025F795000DB486 /* Configuration.xcconfig */;
			buildSettings = {
				APS_ENVIRONMENT = production;
				ASSETCATALOG_COMPILER_APPICON_NAME = AppIcon;
				ASSETCATALOG_COMPILER_GLOBAL_ACCENT_COLOR_NAME = AccentColor;
				CODE_SIGN_ENTITLEMENTS = Pact/Round.entitlements;
				CODE_SIGN_STYLE = Automatic;
				CURRENT_PROJECT_VERSION = 1;
				DEVELOPMENT_TEAM = PVP9QSJ25G;
				ENABLE_PREVIEWS = YES;
				GENERATE_INFOPLIST_FILE = NO;
				INFOPLIST_FILE = "Configuration/Round-Info.plist";
				INFOPLIST_KEY_CFBundleDisplayName = Round;
				INFOPLIST_KEY_SUPABASE_ANON_KEY = "$(SUPABASE_ANON_KEY)";
				INFOPLIST_KEY_SUPABASE_URL = "$(SUPABASE_URL)";
				INFOPLIST_KEY_UIApplicationSceneManifest_Generation = YES;
				INFOPLIST_KEY_UIApplicationSupportsIndirectInputEvents = YES;
				INFOPLIST_KEY_UILaunchScreen_Generation = YES;
				INFOPLIST_KEY_UISupportedInterfaceOrientations_iPad = "UIInterfaceOrientationPortrait UIInterfaceOrientationPortraitUpsideDown UIInterfaceOrientationLandscapeLeft UIInterfaceOrientationLandscapeRight";
				INFOPLIST_KEY_UISupportedInterfaceOrientations_iPhone = UIInterfaceOrientationPortrait;
				LD_RUNPATH_SEARCH_PATHS = (
					"$(inherited)",
					"@executable_path/Frameworks",
				);
				MARKETING_VERSION = 1.0;
				PRODUCT_BUNDLE_IDENTIFIER = "$(ROUND_BUNDLE_IDENTIFIER)";
				PRODUCT_NAME = "$(TARGET_NAME)";
				ROUND_BUNDLE_IDENTIFIER = com.callumoconnor.round;
				ROUND_INVITE_HOST = round.invalid;
				ROUND_PRIVACY_URL = "https://round.invalid/privacy";
				ROUND_SUPPORT_EMAIL = "support@round.invalid";
				ROUND_TERMS_URL = "https://round.invalid/terms";
				STRING_CATALOG_GENERATE_SYMBOLS = YES;
				SWIFT_APPROACHABLE_CONCURRENCY = YES;
				SWIFT_DEFAULT_ACTOR_ISOLATION = MainActor;
				SWIFT_EMIT_LOC_STRINGS = YES;
				SWIFT_UPCOMING_FEATURE_MEMBER_IMPORT_VISIBILITY = YES;
				SWIFT_VERSION = 5.0;
				TARGETED_DEVICE_FAMILY = 1;
			};
			name = Release;
		};
		ECAF6A5D3025F795000DB486 /* Debug */ = {
			isa = XCBuildConfiguration;
			buildSettings = {
				BUNDLE_LOADER = "$(TEST_HOST)";
				CODE_SIGN_STYLE = Automatic;
				CURRENT_PROJECT_VERSION = 1;
				DEVELOPMENT_TEAM = PVP9QSJ25G;
				GENERATE_INFOPLIST_FILE = YES;
				IPHONEOS_DEPLOYMENT_TARGET = 18.0;
				MARKETING_VERSION = 1.0;
				PRODUCT_BUNDLE_IDENTIFIER = CallumO.PactTests;
				PRODUCT_NAME = "$(TARGET_NAME)";
				STRING_CATALOG_GENERATE_SYMBOLS = NO;
				SWIFT_APPROACHABLE_CONCURRENCY = YES;
				SWIFT_EMIT_LOC_STRINGS = NO;
				SWIFT_UPCOMING_FEATURE_MEMBER_IMPORT_VISIBILITY = YES;
				SWIFT_VERSION = 5.0;
				TARGETED_DEVICE_FAMILY = 1;
				TEST_HOST = "$(BUILT_PRODUCTS_DIR)/Pact.app/$(BUNDLE_EXECUTABLE_FOLDER_PATH)/Pact";
			};
			name = Debug;
		};
		ECAF6A5E3025F795000DB486 /* Release */ = {
			isa = XCBuildConfiguration;
			buildSettings = {
				BUNDLE_LOADER = "$(TEST_HOST)";
				CODE_SIGN_STYLE = Automatic;
				CURRENT_PROJECT_VERSION = 1;
				DEVELOPMENT_TEAM = PVP9QSJ25G;
				GENERATE_INFOPLIST_FILE = YES;
				IPHONEOS_DEPLOYMENT_TARGET = 18.0;
				MARKETING_VERSION = 1.0;
				PRODUCT_BUNDLE_IDENTIFIER = CallumO.PactTests;
				PRODUCT_NAME = "$(TARGET_NAME)";
				STRING_CATALOG_GENERATE_SYMBOLS = NO;
				SWIFT_APPROACHABLE_CONCURRENCY = YES;
				SWIFT_EMIT_LOC_STRINGS = NO;
				SWIFT_UPCOMING_FEATURE_MEMBER_IMPORT_VISIBILITY = YES;
				SWIFT_VERSION = 5.0;
				TARGETED_DEVICE_FAMILY = 1;
				TEST_HOST = "$(BUILT_PRODUCTS_DIR)/Pact.app/$(BUNDLE_EXECUTABLE_FOLDER_PATH)/Pact";
			};
			name = Release;
		};
		ECAF6A603025F795000DB486 /* Debug */ = {
			isa = XCBuildConfiguration;
			buildSettings = {
				CODE_SIGN_STYLE = Automatic;
				CURRENT_PROJECT_VERSION = 1;
				DEVELOPMENT_TEAM = PVP9QSJ25G;
				GENERATE_INFOPLIST_FILE = YES;
				MARKETING_VERSION = 1.0;
				PRODUCT_BUNDLE_IDENTIFIER = CallumO.PactUITests;
				PRODUCT_NAME = "$(TARGET_NAME)";
				STRING_CATALOG_GENERATE_SYMBOLS = NO;
				SWIFT_APPROACHABLE_CONCURRENCY = YES;
				SWIFT_EMIT_LOC_STRINGS = NO;
				SWIFT_UPCOMING_FEATURE_MEMBER_IMPORT_VISIBILITY = YES;
				SWIFT_VERSION = 5.0;
				TARGETED_DEVICE_FAMILY = 1;
				TEST_TARGET_NAME = Pact;
			};
			name = Debug;
		};
		ECAF6A613025F795000DB486 /* Release */ = {
			isa = XCBuildConfiguration;
			buildSettings = {
				CODE_SIGN_STYLE = Automatic;
				CURRENT_PROJECT_VERSION = 1;
				DEVELOPMENT_TEAM = PVP9QSJ25G;
				GENERATE_INFOPLIST_FILE = YES;
				MARKETING_VERSION = 1.0;
				PRODUCT_BUNDLE_IDENTIFIER = CallumO.PactUITests;
				PRODUCT_NAME = "$(TARGET_NAME)";
				STRING_CATALOG_GENERATE_SYMBOLS = NO;
				SWIFT_APPROACHABLE_CONCURRENCY = YES;
				SWIFT_EMIT_LOC_STRINGS = NO;
				SWIFT_UPCOMING_FEATURE_MEMBER_IMPORT_VISIBILITY = YES;
				SWIFT_VERSION = 5.0;
				TARGETED_DEVICE_FAMILY = 1;
				TEST_TARGET_NAME = Pact;
			};
			name = Release;
		};
/* End XCBuildConfiguration section */

/* Begin XCConfigurationList section */
		ECAF6A333025F794000DB486 /* Build configuration list for PBXProject "Pact" */ = {
			isa = XCConfigurationList;
			buildConfigurations = (
				ECAF6A573025F795000DB486 /* Debug */,
				ECAF6A583025F795000DB486 /* Release */,
			);
			defaultConfigurationIsVisible = 0;
			defaultConfigurationName = Release;
		};
		ECAF6A593025F795000DB486 /* Build configuration list for PBXNativeTarget "Pact" */ = {
			isa = XCConfigurationList;
			buildConfigurations = (
				ECAF6A5A3025F795000DB486 /* Debug */,
				ECAF6A5B3025F795000DB486 /* Release */,
			);
			defaultConfigurationIsVisible = 0;
			defaultConfigurationName = Release;
		};
		ECAF6A5C3025F795000DB486 /* Build configuration list for PBXNativeTarget "PactTests" */ = {
			isa = XCConfigurationList;
			buildConfigurations = (
				ECAF6A5D3025F795000DB486 /* Debug */,
				ECAF6A5E3025F795000DB486 /* Release */,
			);
			defaultConfigurationIsVisible = 0;
			defaultConfigurationName = Release;
		};
		ECAF6A5F3025F795000DB486 /* Build configuration list for PBXNativeTarget "PactUITests" */ = {
			isa = XCConfigurationList;
			buildConfigurations = (
				ECAF6A603025F795000DB486 /* Debug */,
				ECAF6A613025F795000DB486 /* Release */,
			);
			defaultConfigurationIsVisible = 0;
			defaultConfigurationName = Release;
		};
/* End XCConfigurationList section */
	};
	rootObject = ECAF6A303025F794000DB486 /* Project object */;
}
